<?xml version="1.0" encoding="utf-8"?>
<Project ToolsVersion="4.0" xmlns="http://schemas.microsoft.com/developer/msbuild/2003">
  <ItemGroup>
    <Filter Include="Source Files">
      <UniqueIdentifier>{4FC737F1-C7A5-4376-A066-2A32D752A2FF}</UniqueIdentifier>
      <Extensions>cpp;c;cc;cxx;def;odl;idl;hpj;bat;asm;asmx</Extensions>
    </Filter>
    <Filter Include="Header Files">
      <UniqueIdentifier>{93995380-89BD-4b04-88EB-625FBE52EBFB}</UniqueIdentifier>
      <Extensions>h;hh;hpp;hxx;hm;inl;inc;xsd</Extensions>
    </Filter>
    <Filter Include="Resource Files">
      <UniqueIdentifier>{67DA6AB6-F800-4c08-8B7A-83BB121AAD01}</UniqueIdentifier>
      <Extensions>rc;ico;cur;bmp;dlg;rc2;rct;bin;rgs;gif;jpg;jpeg;jpe;resx;tiff;tif;png;wav</Extensions>
    </Filter>
  </ItemGroup>
  <ItemGroup>
    <ClCompile Include="src\cart.cpp">
      <Filter>Source Files</Filter>
    </ClCompile>
    <ClCompile Include="src\config.cpp">
      <Filter>Source Files</Filter>
    </ClCompile>
    <ClCompile Include="src\console.cpp">
      <Filter>Source Files</Filter>
    </ClCompile>
    <ClCompile Include="src\editor.cpp">
      <Filter>Source Files</Filter>
    </ClCompile>
    <ClCompile Include="src\main.cpp">
      <Filter>Source Files</Filter>
    </ClCompile>
    <ClCompile Include="src\mode.cpp">
      <Filter>Source Files</Filter>
    </ClCompile>
    <ClCompile Include="src\player.cpp">
      <Filter>Source Files</Filter>
    </ClCompile>
    <ClCompile Include="src\prompt.cpp">
      <Filter>Source Files</Filter>
    </ClCompile>
    <ClCompile Include="src\uid.cpp">
      <Filter>Source Files</Filter>
    </ClCompile>
    <ClCompile Include="src\console\fb.cpp">
      <Filter>Source Files</Filter>
    </ClCompile>
    <ClCompile Include="src\console\font.cpp">
      <Filter>Source Files</Filter>
    </ClCompile>
    <ClCompile Include="src\console\gamepad.cpp">
      <Filter>Source Files</Filter>
    </ClCompile>
    <ClCompile Include="src\console\gfx.cpp">
      <Filter>Source Files</Filter>
    </ClCompile>
    <ClCompile Include="src\console\keyboard.cpp">
      <Filter>Source Files</Filter>
    </ClCompile>
    <ClCompile Include="src\console\pal.cpp">
      <Filter>Source Files</Filter>
    </ClCompile>
    <ClCompile Include="src\console\sprite.cpp">
      <Filter>Source Files</Filter>
    </ClCompile>
    <ClCompile Include="src\editor\code_editor.cpp">
      <Filter>Source Files</Filter>
    </ClCompile>
    <ClCompile Include="src\editor\manager.cpp">
      <Filter>Source Files</Filter>
    </ClCompile>
  </ItemGroup>
  <ItemGroup>
    <ClInclude Include="include\cart.hpp">
      <Filter>Header Files</Filter>
    </ClInclude>
    <ClInclude Include="include\config.hpp">
      <Filter>Header Files</Filter>
    </ClInclude>
    <ClInclude Include="include\console.hpp">
      <Filter>Header Files</Filter>
    </ClInclude>
    <ClInclude Include="include\editor.hpp">
      <Filter>Header Files</Filter>
    </ClInclude>
    <ClInclude Include="include\mode.hpp">
      <Filter>Header Files</Filter>
    </ClInclude>
    <ClInclude Include="include\player.hpp">
      <Filter>Header Files</Filter>
    </ClInclude>
    <ClInclude Include="include\prompt.hpp">
      <Filter>Header Files</Filter>
    </ClInclude>
    <ClInclude Include="include\types.hpp">
      <Filter>Header Files</Filter>
    </ClInclude>
    <ClInclude Include="include\uid.hpp">
      <Filter>Header Files</Filter>
    </ClInclude>
    <ClInclude Include="include\util.hpp">
      <Filter>Header Files</Filter>
    </ClInclude>
    <ClInclude Include="include\console\const.hpp">
      <Filter>Header Files</Filter>
    </ClInclude>
    <ClInclude Include="include\console\fb.hpp">
      <Filter>Header Files</Filter>
    </ClInclude>
    <ClInclude Include="include\console\font.hpp">
      <Filter>Header Files</Filter>
    </ClInclude>
    <ClInclude Include="include\console\gamepad.hpp">
      <Filter>Header Files</Filter>
    </ClInclude>
    <ClInclude Include="include\console\gfx.hpp">
      <Filter>Header Files</Filter>
    </ClInclude>
    <ClInclude Include="include\console\keyboard.hpp">
      <Filter>Header Files</Filter>
    </ClInclude>
    <ClInclude Include="include\console\pal.hpp">
      <Filter>Header Files</Filter>
    </ClInclude>
    <ClInclude Include="include\console\sprite.hpp">
      <Filter>Header Files</Filter>
    </ClInclude>
    <ClInclude Include="include\editor\code_editor.hpp">
      <Filter>Header Files</Filter>
    </ClInclude>
    <ClInclude Include="include\editor\manager.hpp">
      <Filter>Header Files</Filter>
    </ClInclude>
    <ClInclude Include="resource.h">
      <Filter>Header Files</Filter>
    </ClInclude>
  </ItemGroup>
  <ItemGroup>
    <None Include="cpp.hint" />
  </ItemGroup>
  <ItemGroup>
    <ResourceCompile Include="dracon.rc">
      <Filter>Resource Files</Filter>
    </ResourceCompile>
  </ItemGroup>
  <ItemGroup>
    <Image Include="dracon-logo.png">
      <Filter>Resource Files</Filter>
    </Image>
  </ItemGroup>
</Project>